// !$*UTF8*$!
{
	archiveVersion = 1;
	classes = {
	};
	objectVersion = 46;
	objects = {

/* Begin PBXAggregateTarget section */
		D8D62A7C18CE06C900FD3D7B /* Documentation */ = {
			isa = PBXAggregateTarget;
			buildConfigurationList = D8D62A8C18CE06C900FD3D7B /* Build configuration list for PBXAggregateTarget "Documentation" */;
			buildPhases = (
				D8D62A7B18CE06C900FD3D7B /* ShellScript */,
			);
			dependencies = (
			);
			name = Documentation;
			productName = Documentation;
		};
/* End PBXAggregateTarget section */

/* Begin PBXBuildFile section */
		D8D62A4D18CE06C900FD3D7B /* Foundation.framework in Frameworks */ = {isa = PBXBuildFile; fileRef = D8D62A4C18CE06C900FD3D7B /* Foundation.framework */; };
		D8D62A4F18CE06C900FD3D7B /* CoreGraphics.framework in Frameworks */ = {isa = PBXBuildFile; fileRef = D8D62A4E18CE06C900FD3D7B /* CoreGraphics.framework */; };
		D8D62A5118CE06C900FD3D7B /* UIKit.framework in Frameworks */ = {isa = PBXBuildFile; fileRef = D8D62A5018CE06C900FD3D7B /* UIKit.framework */; };
		D8D62A6E18CE06C900FD3D7B /* XCTest.framework in Frameworks */ = {isa = PBXBuildFile; fileRef = D8D62A6D18CE06C900FD3D7B /* XCTest.framework */; };
		D8D62A6F18CE06C900FD3D7B /* Foundation.framework in Frameworks */ = {isa = PBXBuildFile; fileRef = D8D62A4C18CE06C900FD3D7B /* Foundation.framework */; };
		D8D62A7018CE06C900FD3D7B /* UIKit.framework in Frameworks */ = {isa = PBXBuildFile; fileRef = D8D62A5018CE06C900FD3D7B /* UIKit.framework */; };
		D8D62A7818CE06C900FD3D7B /* InfoPlist.strings in Resources */ = {isa = PBXBuildFile; fileRef = D8D62A7618CE06C900FD3D7B /* InfoPlist.strings */; };
		D8D62A7A18CE06C900FD3D7B /* JOESliderTests.m in Sources */ = {isa = PBXBuildFile; fileRef = D8D62A7918CE06C900FD3D7B /* JOESliderTests.m */; };
		D8D62A9D18CE079600FD3D7B /* AppDelegate.m in Sources */ = {isa = PBXBuildFile; fileRef = D8D62A9718CE079600FD3D7B /* AppDelegate.m */; };
		D8D62A9F18CE079600FD3D7B /* main.m in Sources */ = {isa = PBXBuildFile; fileRef = D8D62A9A18CE079600FD3D7B /* main.m */; };
		D8D62AA018CE079600FD3D7B /* ViewController.m in Sources */ = {isa = PBXBuildFile; fileRef = D8D62A9C18CE079600FD3D7B /* ViewController.m */; };
		D8D62AA718CE081A00FD3D7B /* Images.xcassets in Resources */ = {isa = PBXBuildFile; fileRef = D8D62AA618CE081A00FD3D7B /* Images.xcassets */; };
		D8D62AAA18CE082800FD3D7B /* InfoPlist.strings in Resources */ = {isa = PBXBuildFile; fileRef = D8D62AA818CE082800FD3D7B /* InfoPlist.strings */; };
		D8D62AFF18CE1EEC00FD3D7B /* JOESlider.m in Sources */ = {isa = PBXBuildFile; fileRef = D8D62AFE18CE1EEC00FD3D7B /* JOESlider.m */; };
		D8D62B0618CE20B200FD3D7B /* Main.storyboard in Resources */ = {isa = PBXBuildFile; fileRef = D8D62AAB18CE083200FD3D7B /* Main.storyboard */; };
/* End PBXBuildFile section */

/* Begin PBXContainerItemProxy section */
		D8D62A7118CE06C900FD3D7B /* PBXContainerItemProxy */ = {
			isa = PBXContainerItemProxy;
			containerPortal = D8D62A4118CE06C900FD3D7B /* Project object */;
			proxyType = 1;
			remoteGlobalIDString = D8D62A4818CE06C900FD3D7B;
			remoteInfo = JOESlider;
		};
/* End PBXContainerItemProxy section */

/* Begin PBXFileReference section */
		D8D62A4918CE06C900FD3D7B /* JOESlider.app */ = {isa = PBXFileReference; explicitFileType = wrapper.application; includeInIndex = 0; path = JOESlider.app; sourceTree = BUILT_PRODUCTS_DIR; };
		D8D62A4C18CE06C900FD3D7B /* Foundation.framework */ = {isa = PBXFileReference; lastKnownFileType = wrapper.framework; name = Foundation.framework; path = System/Library/Frameworks/Foundation.framework; sourceTree = SDKROOT; };
		D8D62A4E18CE06C900FD3D7B /* CoreGraphics.framework */ = {isa = PBXFileReference; lastKnownFileType = wrapper.framework; name = CoreGraphics.framework; path = System/Library/Frameworks/CoreGraphics.framework; sourceTree = SDKROOT; };
		D8D62A5018CE06C900FD3D7B /* UIKit.framework */ = {isa = PBXFileReference; lastKnownFileType = wrapper.framework; name = UIKit.framework; path = System/Library/Frameworks/UIKit.framework; sourceTree = SDKROOT; };
		D8D62A6C18CE06C900FD3D7B /* JOESliderTests.xctest */ = {isa = PBXFileReference; explicitFileType = wrapper.cfbundle; includeInIndex = 0; path = JOESliderTests.xctest; sourceTree = BUILT_PRODUCTS_DIR; };
		D8D62A6D18CE06C900FD3D7B /* XCTest.framework */ = {isa = PBXFileReference; lastKnownFileType = wrapper.framework; name = XCTest.framework; path = Library/Frameworks/XCTest.framework; sourceTree = DEVELOPER_DIR; };
		D8D62A7518CE06C900FD3D7B /* JOESliderTests-Info.plist */ = {isa = PBXFileReference; lastKnownFileType = text.plist.xml; path = "JOESliderTests-Info.plist"; sourceTree = "<group>"; };
		D8D62A7718CE06C900FD3D7B /* en */ = {isa = PBXFileReference; lastKnownFileType = text.plist.strings; name = en; path = en.lproj/InfoPlist.strings; sourceTree = "<group>"; };
		D8D62A7918CE06C900FD3D7B /* JOESliderTests.m */ = {isa = PBXFileReference; lastKnownFileType = sourcecode.c.objc; path = JOESliderTests.m; sourceTree = "<group>"; };
		D8D62A8018CE06C900FD3D7B /* Programming Guide-template.markdown */ = {isa = PBXFileReference; lastKnownFileType = text; name = "Programming Guide-template.markdown"; path = "Documentation/Programming Guide-template.markdown"; sourceTree = SOURCE_ROOT; };
		D8D62A8118CE06C900FD3D7B /* Setup Guide-template.markdown */ = {isa = PBXFileReference; lastKnownFileType = text; name = "Setup Guide-template.markdown"; path = "Documentation/Setup Guide-template.markdown"; sourceTree = SOURCE_ROOT; };
		D8D62A8F18CE072400FD3D7B /* AppledocSettings.plist */ = {isa = PBXFileReference; fileEncoding = 4; lastKnownFileType = text.plist.xml; name = AppledocSettings.plist; path = Documentation/AppledocSettings.plist; sourceTree = SOURCE_ROOT; };
		D8D62A9018CE072400FD3D7B /* LICENSE */ = {isa = PBXFileReference; fileEncoding = 4; lastKnownFileType = text; path = LICENSE; sourceTree = SOURCE_ROOT; };
		D8D62A9118CE072400FD3D7B /* Readme.markdown */ = {isa = PBXFileReference; fileEncoding = 4; lastKnownFileType = text; path = Readme.markdown; sourceTree = SOURCE_ROOT; };
		D8D62A9618CE079600FD3D7B /* AppDelegate.h */ = {isa = PBXFileReference; fileEncoding = 4; lastKnownFileType = sourcecode.c.h; name = AppDelegate.h; path = Demo/AppDelegate.h; sourceTree = SOURCE_ROOT; };
		D8D62A9718CE079600FD3D7B /* AppDelegate.m */ = {isa = PBXFileReference; fileEncoding = 4; lastKnownFileType = sourcecode.c.objc; name = AppDelegate.m; path = Demo/AppDelegate.m; sourceTree = SOURCE_ROOT; };
		D8D62A9818CE079600FD3D7B /* JOESlider-Info.plist */ = {isa = PBXFileReference; fileEncoding = 4; lastKnownFileType = text.plist.xml; name = "JOESlider-Info.plist"; path = "Demo/JOESlider-Info.plist"; sourceTree = SOURCE_ROOT; };
		D8D62A9918CE079600FD3D7B /* JOESlider-Prefix.pch */ = {isa = PBXFileReference; fileEncoding = 4; lastKnownFileType = sourcecode.c.h; name = "JOESlider-Prefix.pch"; path = "Demo/JOESlider-Prefix.pch"; sourceTree = SOURCE_ROOT; };
		D8D62A9A18CE079600FD3D7B /* main.m */ = {isa = PBXFileReference; fileEncoding = 4; lastKnownFileType = sourcecode.c.objc; name = main.m; path = Demo/main.m; sourceTree = SOURCE_ROOT; };
		D8D62A9B18CE079600FD3D7B /* ViewController.h */ = {isa = PBXFileReference; fileEncoding = 4; lastKnownFileType = sourcecode.c.h; name = ViewController.h; path = Demo/ViewController.h; sourceTree = SOURCE_ROOT; };
		D8D62A9C18CE079600FD3D7B /* ViewController.m */ = {isa = PBXFileReference; fileEncoding = 4; lastKnownFileType = sourcecode.c.objc; name = ViewController.m; path = Demo/ViewController.m; sourceTree = SOURCE_ROOT; };
		D8D62AA618CE081A00FD3D7B /* Images.xcassets */ = {isa = PBXFileReference; lastKnownFileType = folder.assetcatalog; name = Images.xcassets; path = Demo/Images.xcassets; sourceTree = SOURCE_ROOT; };
		D8D62AA918CE082800FD3D7B /* en */ = {isa = PBXFileReference; lastKnownFileType = text.plist.strings; name = en; path = Demo/en.lproj/InfoPlist.strings; sourceTree = SOURCE_ROOT; };
		D8D62AAC18CE083200FD3D7B /* Base */ = {isa = PBXFileReference; lastKnownFileType = file.storyboard; name = Base; path = Demo/Base.lproj/Main.storyboard; sourceTree = SOURCE_ROOT; };
		D8D62AFD18CE1EEC00FD3D7B /* JOESlider.h */ = {isa = PBXFileReference; fileEncoding = 4; lastKnownFileType = sourcecode.c.h; path = JOESlider.h; sourceTree = "<group>"; };
		D8D62AFE18CE1EEC00FD3D7B /* JOESlider.m */ = {isa = PBXFileReference; fileEncoding = 4; lastKnownFileType = sourcecode.c.objc; path = JOESlider.m; sourceTree = "<group>"; };
/* End PBXFileReference section */

/* Begin PBXFrameworksBuildPhase section */
		D8D62A4618CE06C900FD3D7B /* Frameworks */ = {
			isa = PBXFrameworksBuildPhase;
			buildActionMask = 2147483647;
			files = (
				D8D62A4F18CE06C900FD3D7B /* CoreGraphics.framework in Frameworks */,
				D8D62A5118CE06C900FD3D7B /* UIKit.framework in Frameworks */,
				D8D62A4D18CE06C900FD3D7B /* Foundation.framework in Frameworks */,
			);
			runOnlyForDeploymentPostprocessing = 0;
		};
		D8D62A6918CE06C900FD3D7B /* Frameworks */ = {
			isa = PBXFrameworksBuildPhase;
			buildActionMask = 2147483647;
			files = (
				D8D62A6E18CE06C900FD3D7B /* XCTest.framework in Frameworks */,
				D8D62A7018CE06C900FD3D7B /* UIKit.framework in Frameworks */,
				D8D62A6F18CE06C900FD3D7B /* Foundation.framework in Frameworks */,
			);
			runOnlyForDeploymentPostprocessing = 0;
		};
/* End PBXFrameworksBuildPhase section */

/* Begin PBXGroup section */
		D8D62A4018CE06C900FD3D7B = {
			isa = PBXGroup;
			children = (
				D8D62A5218CE06C900FD3D7B /* JOESlider */,
				D8D62A9518CE078000FD3D7B /* Demo */,
				D8D62A7318CE06C900FD3D7B /* JOESliderTests */,
				D8D62A7D18CE06C900FD3D7B /* Documentation */,
				D8D62A4B18CE06C900FD3D7B /* Frameworks */,
				D8D62A4A18CE06C900FD3D7B /* Products */,
			);
			sourceTree = "<group>";
		};
		D8D62A4A18CE06C900FD3D7B /* Products */ = {
			isa = PBXGroup;
			children = (
				D8D62A4918CE06C900FD3D7B /* JOESlider.app */,
				D8D62A6C18CE06C900FD3D7B /* JOESliderTests.xctest */,
			);
			name = Products;
			sourceTree = "<group>";
		};
		D8D62A4B18CE06C900FD3D7B /* Frameworks */ = {
			isa = PBXGroup;
			children = (
				D8D62A4C18CE06C900FD3D7B /* Foundation.framework */,
				D8D62A4E18CE06C900FD3D7B /* CoreGraphics.framework */,
				D8D62A5018CE06C900FD3D7B /* UIKit.framework */,
				D8D62A6D18CE06C900FD3D7B /* XCTest.framework */,
			);
			name = Frameworks;
			sourceTree = "<group>";
		};
		D8D62A5218CE06C900FD3D7B /* JOESlider */ = {
			isa = PBXGroup;
			children = (
				D8D62AFD18CE1EEC00FD3D7B /* JOESlider.h */,
				D8D62AFE18CE1EEC00FD3D7B /* JOESlider.m */,
			);
			path = JOESlider;
			sourceTree = "<group>";
		};
		D8D62A7318CE06C900FD3D7B /* JOESliderTests */ = {
			isa = PBXGroup;
			children = (
				D8D62A7918CE06C900FD3D7B /* JOESliderTests.m */,
				D8D62A7418CE06C900FD3D7B /* Supporting Files */,
			);
			path = JOESliderTests;
			sourceTree = "<group>";
		};
		D8D62A7418CE06C900FD3D7B /* Supporting Files */ = {
			isa = PBXGroup;
			children = (
				D8D62A7518CE06C900FD3D7B /* JOESliderTests-Info.plist */,
				D8D62A7618CE06C900FD3D7B /* InfoPlist.strings */,
			);
			name = "Supporting Files";
			sourceTree = "<group>";
		};
		D8D62A7D18CE06C900FD3D7B /* Documentation */ = {
			isa = PBXGroup;
			children = (
				D8D62A8F18CE072400FD3D7B /* AppledocSettings.plist */,
				D8D62A9018CE072400FD3D7B /* LICENSE */,
				D8D62A7F18CE06C900FD3D7B /* Programming Guides */,
				D8D62A9118CE072400FD3D7B /* Readme.markdown */,
			);
			path = Documentation;
			sourceTree = "<group>";
		};
		D8D62A7F18CE06C900FD3D7B /* Programming Guides */ = {
			isa = PBXGroup;
			children = (
				D8D62A8018CE06C900FD3D7B /* Programming Guide-template.markdown */,
				D8D62A8118CE06C900FD3D7B /* Setup Guide-template.markdown */,
			);
			name = "Programming Guides";
			sourceTree = "<group>";
		};
		D8D62A9518CE078000FD3D7B /* Demo */ = {
			isa = PBXGroup;
			children = (
				D8D62AA118CE07A000FD3D7B /* Application Delegate */,
				D8D62AA318CE07B900FD3D7B /* View Controllers */,
				D8D62AA418CE07DC00FD3D7B /* Storyboards */,
				D8D62AA518CE07E400FD3D7B /* Resources */,
				D8D62AA218CE07AD00FD3D7B /* Supporting Files */,
			);
			name = Demo;
			path = JOESlider;
			sourceTree = "<group>";
		};
		D8D62AA118CE07A000FD3D7B /* Application Delegate */ = {
			isa = PBXGroup;
			children = (
				D8D62A9618CE079600FD3D7B /* AppDelegate.h */,
				D8D62A9718CE079600FD3D7B /* AppDelegate.m */,
			);
			name = "Application Delegate";
			sourceTree = "<group>";
		};
		D8D62AA218CE07AD00FD3D7B /* Supporting Files */ = {
			isa = PBXGroup;
			children = (
				D8D62AA818CE082800FD3D7B /* InfoPlist.strings */,
				D8D62A9818CE079600FD3D7B /* JOESlider-Info.plist */,
				D8D62A9918CE079600FD3D7B /* JOESlider-Prefix.pch */,
				D8D62A9A18CE079600FD3D7B /* main.m */,
			);
			name = "Supporting Files";
			sourceTree = "<group>";
		};
		D8D62AA318CE07B900FD3D7B /* View Controllers */ = {
			isa = PBXGroup;
			children = (
				D8D62A9B18CE079600FD3D7B /* ViewController.h */,
				D8D62A9C18CE079600FD3D7B /* ViewController.m */,
			);
			name = "View Controllers";
			sourceTree = "<group>";
		};
		D8D62AA418CE07DC00FD3D7B /* Storyboards */ = {
			isa = PBXGroup;
			children = (
				D8D62AAB18CE083200FD3D7B /* Main.storyboard */,
			);
			name = Storyboards;
			sourceTree = "<group>";
		};
		D8D62AA518CE07E400FD3D7B /* Resources */ = {
			isa = PBXGroup;
			children = (
				D8D62AA618CE081A00FD3D7B /* Images.xcassets */,
			);
			name = Resources;
			sourceTree = "<group>";
		};
/* End PBXGroup section */

/* Begin PBXNativeTarget section */
		D8D62A4818CE06C900FD3D7B /* JOESlider */ = {
			isa = PBXNativeTarget;
			buildConfigurationList = D8D62A8618CE06C900FD3D7B /* Build configuration list for PBXNativeTarget "JOESlider" */;
			buildPhases = (
				D8D62A4518CE06C900FD3D7B /* Sources */,
				D8D62A4618CE06C900FD3D7B /* Frameworks */,
				D8D62A4718CE06C900FD3D7B /* Resources */,
			);
			buildRules = (
			);
			dependencies = (
			);
			name = JOESlider;
			productName = JOESlider;
			productReference = D8D62A4918CE06C900FD3D7B /* JOESlider.app */;
			productType = "com.apple.product-type.application";
		};
		D8D62A6B18CE06C900FD3D7B /* JOESliderTests */ = {
			isa = PBXNativeTarget;
			buildConfigurationList = D8D62A8918CE06C900FD3D7B /* Build configuration list for PBXNativeTarget "JOESliderTests" */;
			buildPhases = (
				D8D62A6818CE06C900FD3D7B /* Sources */,
				D8D62A6918CE06C900FD3D7B /* Frameworks */,
				D8D62A6A18CE06C900FD3D7B /* Resources */,
			);
			buildRules = (
			);
			dependencies = (
				D8D62A7218CE06C900FD3D7B /* PBXTargetDependency */,
			);
			name = JOESliderTests;
			productName = JOESliderTests;
			productReference = D8D62A6C18CE06C900FD3D7B /* JOESliderTests.xctest */;
			productType = "com.apple.product-type.bundle.unit-test";
		};
/* End PBXNativeTarget section */

/* Begin PBXProject section */
		D8D62A4118CE06C900FD3D7B /* Project object */ = {
			isa = PBXProject;
			attributes = {
				LastUpgradeCheck = 0510;
				ORGANIZATIONNAME = "Joseph Collins";
				TargetAttributes = {
					D8D62A6B18CE06C900FD3D7B = {
						TestTargetID = D8D62A4818CE06C900FD3D7B;
					};
				};
			};
			buildConfigurationList = D8D62A4418CE06C900FD3D7B /* Build configuration list for PBXProject "JOESlider" */;
			compatibilityVersion = "Xcode 3.2";
			developmentRegion = English;
			hasScannedForEncodings = 0;
			knownRegions = (
				en,
				Base,
			);
			mainGroup = D8D62A4018CE06C900FD3D7B;
			productRefGroup = D8D62A4A18CE06C900FD3D7B /* Products */;
			projectDirPath = "";
			projectRoot = "";
			targets = (
				D8D62A4818CE06C900FD3D7B /* JOESlider */,
				D8D62A6B18CE06C900FD3D7B /* JOESliderTests */,
				D8D62A7C18CE06C900FD3D7B /* Documentation */,
			);
		};
/* End PBXProject section */

/* Begin PBXResourcesBuildPhase section */
		D8D62A4718CE06C900FD3D7B /* Resources */ = {
			isa = PBXResourcesBuildPhase;
			buildActionMask = 2147483647;
			files = (
				D8D62AA718CE081A00FD3D7B /* Images.xcassets in Resources */,
				D8D62AAA18CE082800FD3D7B /* InfoPlist.strings in Resources */,
				D8D62B0618CE20B200FD3D7B /* Main.storyboard in Resources */,
			);
			runOnlyForDeploymentPostprocessing = 0;
		};
		D8D62A6A18CE06C900FD3D7B /* Resources */ = {
			isa = PBXResourcesBuildPhase;
			buildActionMask = 2147483647;
			files = (
				D8D62A7818CE06C900FD3D7B /* InfoPlist.strings in Resources */,
			);
			runOnlyForDeploymentPostprocessing = 0;
		};
/* End PBXResourcesBuildPhase section */

/* Begin PBXShellScriptBuildPhase section */
		D8D62A7B18CE06C900FD3D7B /* ShellScript */ = {
			isa = PBXShellScriptBuildPhase;
			buildActionMask = 2147483647;
			files = (
			);
			inputPaths = (
			);
			outputPaths = (
			);
			runOnlyForDeploymentPostprocessing = 0;
			shellPath = /bin/sh;
			shellScript = "/usr/local/bin/appledoc \\\n--output \"${BUILD_DIR}/Documentation/\" \\\n\"${PROJECT_DIR}/Documentation\" \\\n\"${PROJECT_DIR}/${PROJECT_NAME}\"\necho \"Documentation Output directory: ${BUILD_DIR}/Documentation/\"\n// USER CONFIG\nSOURCE_DIR=\"co.ijoe.${PROJECT_NAME}.docset/Contents/Resources/\"\nDESTINATION_DIR=\"/Users/Joe/Work/iJoe.Co/Development/iJoe.Co Developer/Library/${PROJECT_NAME}\"\n// END USER CONFIG\ncd \"${BUILD_DIR}/Documentation/\"\nmkdir -p \"$DESTINATION_DIR\"\ncp -fR \"publish/\" \"$DESTINATION_DIR\"\ncd $SOURCE_DIR\ncp -fR \"Documents/\" \"$DESTINATION_DIR\"\ncd \"$DESTINATION_DIR\"\nopen -a Terminal\nosascript -e 'tell application \"Terminal\" to do script \"cd '\"'$DESTINATION_DIR'\"'; nano '\"${PROJECT_NAME}\"'.xml\"'";
		};
/* End PBXShellScriptBuildPhase section */

/* Begin PBXSourcesBuildPhase section */
		D8D62A4518CE06C900FD3D7B /* Sources */ = {
			isa = PBXSourcesBuildPhase;
			buildActionMask = 2147483647;
			files = (
				D8D62AA018CE079600FD3D7B /* ViewController.m in Sources */,
				D8D62AFF18CE1EEC00FD3D7B /* JOESlider.m in Sources */,
				D8D62A9F18CE079600FD3D7B /* main.m in Sources */,
				D8D62A9D18CE079600FD3D7B /* AppDelegate.m in Sources */,
			);
			runOnlyForDeploymentPostprocessing = 0;
		};
		D8D62A6818CE06C900FD3D7B /* Sources */ = {
			isa = PBXSourcesBuildPhase;
			buildActionMask = 2147483647;
			files = (
				D8D62A7A18CE06C900FD3D7B /* JOESliderTests.m in Sources */,
			);
			runOnlyForDeploymentPostprocessing = 0;
		};
/* End PBXSourcesBuildPhase section */

/* Begin PBXTargetDependency section */
		D8D62A7218CE06C900FD3D7B /* PBXTargetDependency */ = {
			isa = PBXTargetDependency;
			target = D8D62A4818CE06C900FD3D7B /* JOESlider */;
			targetProxy = D8D62A7118CE06C900FD3D7B /* PBXContainerItemProxy */;
		};
/* End PBXTargetDependency section */

/* Begin PBXVariantGroup section */
		D8D62A7618CE06C900FD3D7B /* InfoPlist.strings */ = {
			isa = PBXVariantGroup;
			children = (
				D8D62A7718CE06C900FD3D7B /* en */,
			);
			name = InfoPlist.strings;
			sourceTree = "<group>";
		};
		D8D62AA818CE082800FD3D7B /* InfoPlist.strings */ = {
			isa = PBXVariantGroup;
			children = (
				D8D62AA918CE082800FD3D7B /* en */,
			);
			name = InfoPlist.strings;
			sourceTree = "<group>";
		};
		D8D62AAB18CE083200FD3D7B /* Main.storyboard */ = {
			isa = PBXVariantGroup;
			children = (
				D8D62AAC18CE083200FD3D7B /* Base */,
			);
			name = Main.storyboard;
			sourceTree = "<group>";
		};
/* End PBXVariantGroup section */

/* Begin XCBuildConfiguration section */
		D8D62A8418CE06C900FD3D7B /* Debug */ = {
			isa = XCBuildConfiguration;
			buildSettings = {
				ALWAYS_SEARCH_USER_PATHS = NO;
				CLANG_CXX_LANGUAGE_STANDARD = "gnu++0x";
				CLANG_CXX_LIBRARY = "libc++";
				CLANG_ENABLE_MODULES = YES;
				CLANG_ENABLE_OBJC_ARC = YES;
				CLANG_WARN_BOOL_CONVERSION = YES;
				CLANG_WARN_CONSTANT_CONVERSION = YES;
				CLANG_WARN_DIRECT_OBJC_ISA_USAGE = YES_ERROR;
				CLANG_WARN_EMPTY_BODY = YES;
				CLANG_WARN_ENUM_CONVERSION = YES;
				CLANG_WARN_INT_CONVERSION = YES;
				CLANG_WARN_OBJC_ROOT_CLASS = YES_ERROR;
				CLANG_WARN__DUPLICATE_METHOD_MATCH = YES;
				"CODE_SIGN_IDENTITY[sdk=iphoneos*]" = "iPhone Developer";
				COPY_PHASE_STRIP = NO;
				GCC_C_LANGUAGE_STANDARD = gnu99;
				GCC_DYNAMIC_NO_PIC = NO;
				GCC_OPTIMIZATION_LEVEL = 0;
				GCC_PREPROCESSOR_DEFINITIONS = (
					"DEBUG=1",
					"$(inherited)",
				);
				GCC_SYMBOLS_PRIVATE_EXTERN = NO;
				GCC_WARN_64_TO_32_BIT_CONVERSION = YES;
				GCC_WARN_ABOUT_RETURN_TYPE = YES_ERROR;
				GCC_WARN_UNDECLARED_SELECTOR = YES;
				GCC_WARN_UNINITIALIZED_AUTOS = YES;
				GCC_WARN_UNUSED_FUNCTION = YES;
				GCC_WARN_UNUSED_VARIABLE = YES;
				IPHONEOS_DEPLOYMENT_TARGET = 7.0;
				ONLY_ACTIVE_ARCH = YES;
				SDKROOT = iphoneos;
			};
			name = Debug;
		};
		D8D62A8518CE06C900FD3D7B /* Release */ = {
			isa = XCBuildConfiguration;
			buildSettings = {
				ALWAYS_SEARCH_USER_PATHS = NO;
				CLANG_CXX_LANGUAGE_STANDARD = "gnu++0x";
				CLANG_CXX_LIBRARY = "libc++";
				CLANG_ENABLE_MODULES = YES;
				CLANG_ENABLE_OBJC_ARC = YES;
				CLANG_WARN_BOOL_CONVERSION = YES;
				CLANG_WARN_CONSTANT_CONVERSION = YES;
				CLANG_WARN_DIRECT_OBJC_ISA_USAGE = YES_ERROR;
				CLANG_WARN_EMPTY_BODY = YES;
				CLANG_WARN_ENUM_CONVERSION = YES;
				CLANG_WARN_INT_CONVERSION = YES;
				CLANG_WARN_OBJC_ROOT_CLASS = YES_ERROR;
				CLANG_WARN__DUPLICATE_METHOD_MATCH = YES;
				"CODE_SIGN_IDENTITY[sdk=iphoneos*]" = "iPhone Developer";
				COPY_PHASE_STRIP = YES;
				ENABLE_NS_ASSERTIONS = NO;
				GCC_C_LANGUAGE_STANDARD = gnu99;
				GCC_WARN_64_TO_32_BIT_CONVERSION = YES;
				GCC_WARN_ABOUT_RETURN_TYPE = YES_ERROR;
				GCC_WARN_UNDECLARED_SELECTOR = YES;
				GCC_WARN_UNINITIALIZED_AUTOS = YES;
				GCC_WARN_UNUSED_FUNCTION = YES;
				GCC_WARN_UNUSED_VARIABLE = YES;
				IPHONEOS_DEPLOYMENT_TARGET = 7.0;
				SDKROOT = iphoneos;
				VALIDATE_PRODUCT = YES;
			};
			name = Release;
		};
		D8D62A8718CE06C900FD3D7B /* Debug */ = {
			isa = XCBuildConfiguration;
			buildSettings = {
				ASSETCATALOG_COMPILER_APPICON_NAME = AppIcon;
				ASSETCATALOG_COMPILER_LAUNCHIMAGE_NAME = LaunchImage;
				GCC_PRECOMPILE_PREFIX_HEADER = YES;
				GCC_PREFIX_HEADER = "Demo/JOESlider-Prefix.pch";
				INFOPLIST_FILE = "Demo/JOESlider-Info.plist";
				PRODUCT_NAME = "$(TARGET_NAME)";
				WRAPPER_EXTENSION = app;
			};
			name = Debug;
		};
		D8D62A8818CE06C900FD3D7B /* Release */ = {
			isa = XCBuildConfiguration;
			buildSettings = {
				ASSETCATALOG_COMPILER_APPICON_NAME = AppIcon;
				ASSETCATALOG_COMPILER_LAUNCHIMAGE_NAME = LaunchImage;
				GCC_PRECOMPILE_PREFIX_HEADER = YES;
				GCC_PREFIX_HEADER = "Demo/JOESlider-Prefix.pch";
				INFOPLIST_FILE = "Demo/JOESlider-Info.plist";
				PRODUCT_NAME = "$(TARGET_NAME)";
				WRAPPER_EXTENSION = app;
			};
			name = Release;
		};
		D8D62A8A18CE06C900FD3D7B /* Debug */ = {
			isa = XCBuildConfiguration;
			buildSettings = {
				BUNDLE_LOADER = "$(BUILT_PRODUCTS_DIR)/JOESlider.app/JOESlider";
				FRAMEWORK_SEARCH_PATHS = (
					"$(SDKROOT)/Developer/Library/Frameworks",
					"$(inherited)",
					"$(DEVELOPER_FRAMEWORKS_DIR)",
				);
				GCC_PRECOMPILE_PREFIX_HEADER = YES;
				GCC_PREFIX_HEADER = "JOESlider/JOESlider-Prefix.pch";
				GCC_PREPROCESSOR_DEFINITIONS = (
					"DEBUG=1",
					"$(inherited)",
				);
				INFOPLIST_FILE = "JOESliderTests/JOESliderTests-Info.plist";
				PRODUCT_NAME = "$(TARGET_NAME)";
				TEST_HOST = "$(BUNDLE_LOADER)";
				WRAPPER_EXTENSION = xctest;
			};
			name = Debug;
		};
		D8D62A8B18CE06C900FD3D7B /* Release */ = {
			isa = XCBuildConfiguration;
			buildSettings = {
				BUNDLE_LOADER = "$(BUILT_PRODUCTS_DIR)/JOESlider.app/JOESlider";
				FRAMEWORK_SEARCH_PATHS = (
					"$(SDKROOT)/Developer/Library/Frameworks",
					"$(inherited)",
					"$(DEVELOPER_FRAMEWORKS_DIR)",
				);
				GCC_PRECOMPILE_PREFIX_HEADER = YES;
				GCC_PREFIX_HEADER = "JOESlider/JOESlider-Prefix.pch";
				INFOPLIST_FILE = "JOESliderTests/JOESliderTests-Info.plist";
				PRODUCT_NAME = "$(TARGET_NAME)";
				TEST_HOST = "$(BUNDLE_LOADER)";
				WRAPPER_EXTENSION = xctest;
			};
			name = Release;
		};
		D8D62A8D18CE06C900FD3D7B /* Debug */ = {
			isa = XCBuildConfiguration;
			buildSettings = {
				PRODUCT_NAME = "$(TARGET_NAME)";
			};
			name = Debug;
		};
		D8D62A8E18CE06C900FD3D7B /* Release */ = {
			isa = XCBuildConfiguration;
			buildSettings = {
				PRODUCT_NAME = "$(TARGET_NAME)";
			};
			name = Release;
		};
/* End XCBuildConfiguration section */

/* Begin XCConfigurationList section */
		D8D62A4418CE06C900FD3D7B /* Build configuration list for PBXProject "JOESlider" */ = {
			isa = XCConfigurationList;
			buildConfigurations = (
				D8D62A8418CE06C900FD3D7B /* Debug */,
				D8D62A8518CE06C900FD3D7B /* Release */,
			);
			defaultConfigurationIsVisible = 0;
			defaultConfigurationName = Release;
		};
		D8D62A8618CE06C900FD3D7B /* Build configuration list for PBXNativeTarget "JOESlider" */ = {
			isa = XCConfigurationList;
			buildConfigurations = (
				D8D62A8718CE06C900FD3D7B /* Debug */,
				D8D62A8818CE06C900FD3D7B /* Release */,
			);
			defaultConfigurationIsVisible = 0;
			defaultConfigurationName = Release;
		};
		D8D62A8918CE06C900FD3D7B /* Build configuration list for PBXNativeTarget "JOESliderTests" */ = {
			isa = XCConfigurationList;
			buildConfigurations = (
				D8D62A8A18CE06C900FD3D7B /* Debug */,
				D8D62A8B18CE06C900FD3D7B /* Release */,
			);
			defaultConfigurationIsVisible = 0;
			defaultConfigurationName = Release;
		};
		D8D62A8C18CE06C900FD3D7B /* Build configuration list for PBXAggregateTarget "Documentation" */ = {
			isa = XCConfigurationList;
			buildConfigurations = (
				D8D62A8D18CE06C900FD3D7B /* Debug */,
				D8D62A8E18CE06C900FD3D7B /* Release */,
			);
			defaultConfigurationIsVisible = 0;
			defaultConfigurationName = Release;
		};
/* End XCConfigurationList section */
	};
	rootObject = D8D62A4118CE06C900FD3D7B /* Project object */;
}
